
Microsoft Visual Studio Solution File, Format Version 12.00
# Visual Studio Version 16
VisualStudioVersion = 16.0.30114.105
MinimumVisualStudioVersion = 10.0.40219.1
Project("{FAE04EC0-301F-11D3-BF4B-00C04F79EFBC}") = "WebApi", "WebApi\WebApi.csproj", "{7B55D6D6-8BB0-4174-AF39-0BB06A278006}"
EndProject
Project("{FAE04EC0-301F-11D3-BF4B-00C04F79EFBC}") = "WebUI", "WebUI\WebUI.csproj", "{1EEA281B-3E93-42CA-B2DC-37FED7384327}"
EndProject
Project("{FAE04EC0-301F-11D3-BF4B-00C04F79EFBC}") = "Shared", "Shared\Shared.csproj", "{61B73DA5-A2D1-4F92-AE36-BB7DD36A9FDD}"
EndProject
Project("{FAE04EC0-301F-11D3-BF4B-00C04F79EFBC}") = "Application", "Application\Application.csproj", "{6B20D3F8-D0FE-4F60-9319-E10A9C7C1E1E}"
EndProject
Project("{2150E333-8FDC-42A3-9474-1A3956D46DE8}") = "Libraries", "Libraries", "{4FDC1B15-F1AF-47CF-B33E-CC9BDEB9F06D}"
EndProject
Project("{FAE04EC0-301F-11D3-BF4B-00C04F79EFBC}") = "DataLibrary", "Libraries\DataLibrary\DataLibrary.csproj", "{765E4703-CA32-4B74-9BF4-B75683845F2A}"
EndProject
Project("{FAE04EC0-301F-11D3-BF4B-00C04F79EFBC}") = "ModelLibrary", "Libraries\ModelLibrary\ModelLibrary.csproj", "{0A3DF7FF-981E-401A-8061-DC7D4CC0ED84}"
EndProject
Project("{FAE04EC0-301F-11D3-BF4B-00C04F79EFBC}") = "EntityLibrary", "Libraries\EntityLibrary\EntityLibrary.csproj", "{9889566C-B0E7-4DE2-8DE8-3AD7D321899B}"
EndProject
Global
	GlobalSection(SolutionConfigurationPlatforms) = preSolution
		Debug|Any CPU = Debug|Any CPU
		Release|Any CPU = Release|Any CPU
	EndGlobalSection
	GlobalSection(SolutionProperties) = preSolution
		HideSolutionNode = FALSE
	EndGlobalSection
	GlobalSection(ProjectConfigurationPlatforms) = postSolution
		{7B55D6D6-8BB0-4174-AF39-0BB06A278006}.Debug|Any CPU.ActiveCfg = Debug|Any CPU
		{7B55D6D6-8BB0-4174-AF39-0BB06A278006}.Debug|Any CPU.Build.0 = Debug|Any CPU
		{7B55D6D6-8BB0-4174-AF39-0BB06A278006}.Release|Any CPU.ActiveCfg = Release|Any CPU
		{7B55D6D6-8BB0-4174-AF39-0BB06A278006}.Release|Any CPU.Build.0 = Release|Any CPU
		{1EEA281B-3E93-42CA-B2DC-37FED7384327}.Debug|Any CPU.ActiveCfg = Debug|Any CPU
		{1EEA281B-3E93-42CA-B2DC-37FED7384327}.Debug|Any CPU.Build.0 = Debug|Any CPU
		{1EEA281B-3E93-42CA-B2DC-37FED7384327}.Release|Any CPU.ActiveCfg = Release|Any CPU
		{1EEA281B-3E93-42CA-B2DC-37FED7384327}.Release|Any CPU.Build.0 = Release|Any CPU
		{61B73DA5-A2D1-4F92-AE36-BB7DD36A9FDD}.Debug|Any CPU.ActiveCfg = Debug|Any CPU
		{61B73DA5-A2D1-4F92-AE36-BB7DD36A9FDD}.Debug|Any CPU.Build.0 = Debug|Any CPU
		{61B73DA5-A2D1-4F92-AE36-BB7DD36A9FDD}.Release|Any CPU.ActiveCfg = Release|Any CPU
		{61B73DA5-A2D1-4F92-AE36-BB7DD36A9FDD}.Release|Any CPU.Build.0 = Release|Any CPU
		{6B20D3F8-D0FE-4F60-9319-E10A9C7C1E1E}.Debug|Any CPU.ActiveCfg = Debug|Any CPU
		{6B20D3F8-D0FE-4F60-9319-E10A9C7C1E1E}.Debug|Any CPU.Build.0 = Debug|Any CPU
		{6B20D3F8-D0FE-4F60-9319-E10A9C7C1E1E}.Release|Any CPU.ActiveCfg = Release|Any CPU
		{6B20D3F8-D0FE-4F60-9319-E10A9C7C1E1E}.Release|Any CPU.Build.0 = Release|Any CPU
		{765E4703-CA32-4B74-9BF4-B75683845F2A}.Debug|Any CPU.ActiveCfg = Debug|Any CPU
		{765E4703-CA32-4B74-9BF4-B75683845F2A}.Debug|Any CPU.Build.0 = Debug|Any CPU
		{765E4703-CA32-4B74-9BF4-B75683845F2A}.Release|Any CPU.ActiveCfg = Release|Any CPU
		{765E4703-CA32-4B74-9BF4-B75683845F2A}.Release|Any CPU.Build.0 = Release|Any CPU
		{0A3DF7FF-981E-401A-8061-DC7D4CC0ED84}.Debug|Any CPU.ActiveCfg = Debug|Any CPU
		{0A3DF7FF-981E-401A-8061-DC7D4CC0ED84}.Debug|Any CPU.Build.0 = Debug|Any CPU
		{0A3DF7FF-981E-401A-8061-DC7D4CC0ED84}.Release|Any CPU.ActiveCfg = Release|Any CPU
		{0A3DF7FF-981E-401A-8061-DC7D4CC0ED84}.Release|Any CPU.Build.0 = Release|Any CPU
		{9889566C-B0E7-4DE2-8DE8-3AD7D321899B}.Debug|Any CPU.ActiveCfg = Debug|Any CPU
		{9889566C-B0E7-4DE2-8DE8-3AD7D321899B}.Debug|Any CPU.Build.0 = Debug|Any CPU
		{9889566C-B0E7-4DE2-8DE8-3AD7D321899B}.Release|Any CPU.ActiveCfg = Release|Any CPU
		{9889566C-B0E7-4DE2-8DE8-3AD7D321899B}.Release|Any CPU.Build.0 = Release|Any CPU
	EndGlobalSection
	GlobalSection(NestedProjects) = preSolution
		{765E4703-CA32-4B74-9BF4-B75683845F2A} = {4FDC1B15-F1AF-47CF-B33E-CC9BDEB9F06D}
		{0A3DF7FF-981E-401A-8061-DC7D4CC0ED84} = {4FDC1B15-F1AF-47CF-B33E-CC9BDEB9F06D}
		{9889566C-B0E7-4DE2-8DE8-3AD7D321899B} = {4FDC1B15-F1AF-47CF-B33E-CC9BDEB9F06D}
	EndGlobalSection
EndGlobal
